
Microsoft Visual Studio Solution File, Format Version 12.00
# Visual Studio 15
VisualStudioVersion = 15.0.28307.1169
MinimumVisualStudioVersion = 10.0.40219.1
Project("{FAE04EC0-301F-11D3-BF4B-00C04F79EFBC}") = "PickDiff", "PickDiff\PickDiff.csproj", "{FE031F04-9EFE-4CD6-8946-A775A4E12609}"
EndProject
Global
	GlobalSection(SolutionConfigurationPlatforms) = preSolution
		Debug|Any CPU = Debug|Any CPU
		Release|Any CPU = Release|Any CPU
	EndGlobalSection
	GlobalSection(ProjectConfigurationPlatforms) = postSolution
		{FE031F04-9EFE-4CD6-8946-A775A4E12609}.Debug|Any CPU.ActiveCfg = Debug|Any CPU
		{FE031F04-9EFE-4CD6-8946-A775A4E12609}.Debug|Any CPU.Build.0 = Debug|Any CPU
		{FE031F04-9EFE-4CD6-8946-A775A4E12609}.Release|Any CPU.ActiveCfg = Release|Any CPU
		{FE031F04-9EFE-4CD6-8946-A775A4E12609}.Release|Any CPU.Build.0 = Release|Any CPU
	EndGlobalSection
	GlobalSection(SolutionProperties) = preSolution
		HideSolutionNode = FALSE
	EndGlobalSection
	GlobalSection(ExtensibilityGlobals) = postSolution
		SolutionGuid = {25A392CA-E342-4411-9E53-29ACCD317CFF}
	EndGlobalSection
EndGlobal
